
Microsoft Visual Studio Solution File, Format Version 12.00
# Visual Studio Version 16
VisualStudioVersion = 16.0.30413.136
MinimumVisualStudioVersion = 10.0.40219.1
Project("{FAE04EC0-301F-11D3-BF4B-00C04F79EFBC}") = "DraxPort", "DraxPort\DraxPort.csproj", "{5DBB63FF-2055-4A1F-B14F-C22E3FDE5D26}"
EndProject
Global
	GlobalSection(SolutionConfigurationPlatforms) = preSolution
		Debug|Any CPU = Debug|Any CPU
		Release|Any CPU = Release|Any CPU
	EndGlobalSection
	GlobalSection(ProjectConfigurationPlatforms) = postSolution
		{5DBB63FF-2055-4A1F-B14F-C22E3FDE5D26}.Debug|Any CPU.ActiveCfg = Debug|Any CPU
		{5DBB63FF-2055-4A1F-B14F-C22E3FDE5D26}.Debug|Any CPU.Build.0 = Debug|Any CPU
		{5DBB63FF-2055-4A1F-B14F-C22E3FDE5D26}.Release|Any CPU.ActiveCfg = Release|Any CPU
		{5DBB63FF-2055-4A1F-B14F-C22E3FDE5D26}.Release|Any CPU.Build.0 = Release|Any CPU
	EndGlobalSection
	GlobalSection(SolutionProperties) = preSolution
		HideSolutionNode = FALSE
	EndGlobalSection
	GlobalSection(ExtensibilityGlobals) = postSolution
		SolutionGuid = {7DA66B20-C567-4185-A1AC-0D6F07FED74B}
	EndGlobalSection
EndGlobal
